
Microsoft Visual Studio Solution File, Format Version 12.00
# Visual Studio Version 17
VisualStudioVersion = 17.0.31903.59
MinimumVisualStudioVersion = 10.0.40219.1
Project("{FAE04EC0-301F-11D3-BF4B-00C04F79EFBC}") = "Todo.Domain", "Todo.Domain\Todo.Domain.csproj", "{C2D40A8D-2441-4A41-A261-E26B3A0D65FF}"
EndProject
Project("{FAE04EC0-301F-11D3-BF4B-00C04F79EFBC}") = "Todo.Domain.Api", "Todo.Domain.Api\Todo.Domain.Api.csproj", "{8A706FF2-E750-42DB-BD16-E2993D5E7835}"
EndProject
Project("{FAE04EC0-301F-11D3-BF4B-00C04F79EFBC}") = "Todo.Domain.Infra", "Todo.Domain.Infra\Todo.Domain.Infra.csproj", "{20121152-B92A-4C03-895D-FEF5466F825B}"
EndProject
Project("{FAE04EC0-301F-11D3-BF4B-00C04F79EFBC}") = "Todo.Domain.Tests", "Todo.Domain.Tests\Todo.Domain.Tests.csproj", "{552656BD-B797-483E-BFE9-6D3BA74844AD}"
EndProject
Global
	GlobalSection(SolutionConfigurationPlatforms) = preSolution
		Debug|Any CPU = Debug|Any CPU
		Release|Any CPU = Release|Any CPU
	EndGlobalSection
	GlobalSection(SolutionProperties) = preSolution
		HideSolutionNode = FALSE
	EndGlobalSection
	GlobalSection(ProjectConfigurationPlatforms) = postSolution
		{C2D40A8D-2441-4A41-A261-E26B3A0D65FF}.Debug|Any CPU.ActiveCfg = Debug|Any CPU
		{C2D40A8D-2441-4A41-A261-E26B3A0D65FF}.Debug|Any CPU.Build.0 = Debug|Any CPU
		{C2D40A8D-2441-4A41-A261-E26B3A0D65FF}.Release|Any CPU.ActiveCfg = Release|Any CPU
		{C2D40A8D-2441-4A41-A261-E26B3A0D65FF}.Release|Any CPU.Build.0 = Release|Any CPU
		{8A706FF2-E750-42DB-BD16-E2993D5E7835}.Debug|Any CPU.ActiveCfg = Debug|Any CPU
		{8A706FF2-E750-42DB-BD16-E2993D5E7835}.Debug|Any CPU.Build.0 = Debug|Any CPU
		{8A706FF2-E750-42DB-BD16-E2993D5E7835}.Release|Any CPU.ActiveCfg = Release|Any CPU
		{8A706FF2-E750-42DB-BD16-E2993D5E7835}.Release|Any CPU.Build.0 = Release|Any CPU
		{20121152-B92A-4C03-895D-FEF5466F825B}.Debug|Any CPU.ActiveCfg = Debug|Any CPU
		{20121152-B92A-4C03-895D-FEF5466F825B}.Debug|Any CPU.Build.0 = Debug|Any CPU
		{20121152-B92A-4C03-895D-FEF5466F825B}.Release|Any CPU.ActiveCfg = Release|Any CPU
		{20121152-B92A-4C03-895D-FEF5466F825B}.Release|Any CPU.Build.0 = Release|Any CPU
		{552656BD-B797-483E-BFE9-6D3BA74844AD}.Debug|Any CPU.ActiveCfg = Debug|Any CPU
		{552656BD-B797-483E-BFE9-6D3BA74844AD}.Debug|Any CPU.Build.0 = Debug|Any CPU
		{552656BD-B797-483E-BFE9-6D3BA74844AD}.Release|Any CPU.ActiveCfg = Release|Any CPU
		{552656BD-B797-483E-BFE9-6D3BA74844AD}.Release|Any CPU.Build.0 = Release|Any CPU
	EndGlobalSection
EndGlobal
